
Microsoft Visual Studio Solution File, Format Version 12.00
# Visual Studio 14
VisualStudioVersion = 14.0.25420.1
MinimumVisualStudioVersion = 10.0.40219.1
Project("{FAE04EC0-301F-11D3-BF4B-00C04F79EFBC}") = "SC.Data", "SC.Data\SC.Data.csproj", "{9F2159D0-0E52-4680-B02C-509039E45B86}"
EndProject
Project("{FAE04EC0-301F-11D3-BF4B-00C04F79EFBC}") = "SC.Web", "SC.Web\SC.Web.csproj", "{975FDC45-D52F-4FBA-A775-7A246F21B36F}"
EndProject
Project("{FAE04EC0-301F-11D3-BF4B-00C04F79EFBC}") = "SC.Tests", "SC.Tests\SC.Tests.csproj", "{FD9F69F4-3EFE-452C-B84B-5DBCEFA90AD1}"
EndProject
Global
	GlobalSection(SolutionConfigurationPlatforms) = preSolution
		Debug|Any CPU = Debug|Any CPU
		Release|Any CPU = Release|Any CPU
	EndGlobalSection
	GlobalSection(ProjectConfigurationPlatforms) = postSolution
		{9F2159D0-0E52-4680-B02C-509039E45B86}.Debug|Any CPU.ActiveCfg = Debug|Any CPU
		{9F2159D0-0E52-4680-B02C-509039E45B86}.Debug|Any CPU.Build.0 = Debug|Any CPU
		{9F2159D0-0E52-4680-B02C-509039E45B86}.Release|Any CPU.ActiveCfg = Release|Any CPU
		{9F2159D0-0E52-4680-B02C-509039E45B86}.Release|Any CPU.Build.0 = Release|Any CPU
		{975FDC45-D52F-4FBA-A775-7A246F21B36F}.Debug|Any CPU.ActiveCfg = Debug|Any CPU
		{975FDC45-D52F-4FBA-A775-7A246F21B36F}.Debug|Any CPU.Build.0 = Debug|Any CPU
		{975FDC45-D52F-4FBA-A775-7A246F21B36F}.Release|Any CPU.ActiveCfg = Release|Any CPU
		{975FDC45-D52F-4FBA-A775-7A246F21B36F}.Release|Any CPU.Build.0 = Release|Any CPU
		{FD9F69F4-3EFE-452C-B84B-5DBCEFA90AD1}.Debug|Any CPU.ActiveCfg = Debug|Any CPU
		{FD9F69F4-3EFE-452C-B84B-5DBCEFA90AD1}.Debug|Any CPU.Build.0 = Debug|Any CPU
		{FD9F69F4-3EFE-452C-B84B-5DBCEFA90AD1}.Release|Any CPU.ActiveCfg = Release|Any CPU
		{FD9F69F4-3EFE-452C-B84B-5DBCEFA90AD1}.Release|Any CPU.Build.0 = Release|Any CPU
	EndGlobalSection
	GlobalSection(SolutionProperties) = preSolution
		HideSolutionNode = FALSE
	EndGlobalSection
EndGlobal
